
Microsoft Visual Studio Solution File, Format Version 12.00
# Visual Studio Version 17
VisualStudioVersion = 17.7.34003.232
MinimumVisualStudioVersion = 10.0.40219.1
Project("{2150E333-8FDC-42A3-9474-1A3956D46DE8}") = "Producers", "Producers", "{2E0CEA6E-2FC1-497E-AB9F-7C54669FD480}"
EndProject
Project("{2150E333-8FDC-42A3-9474-1A3956D46DE8}") = "Consumers", "Consumers", "{A746E065-2F26-4892-83DB-3A2A22CA2E9E}"
EndProject
Project("{FAE04EC0-301F-11D3-BF4B-00C04F79EFBC}") = "SimpleProducer", "SimpleProducer\SimpleProducer.csproj", "{CE81E0F8-3024-4F8F-B183-5156A1C576F7}"
EndProject
Global
	GlobalSection(SolutionConfigurationPlatforms) = preSolution
		Debug|Any CPU = Debug|Any CPU
		Release|Any CPU = Release|Any CPU
	EndGlobalSection
	GlobalSection(ProjectConfigurationPlatforms) = postSolution
		{CE81E0F8-3024-4F8F-B183-5156A1C576F7}.Debug|Any CPU.ActiveCfg = Debug|Any CPU
		{CE81E0F8-3024-4F8F-B183-5156A1C576F7}.Debug|Any CPU.Build.0 = Debug|Any CPU
		{CE81E0F8-3024-4F8F-B183-5156A1C576F7}.Release|Any CPU.ActiveCfg = Release|Any CPU
		{CE81E0F8-3024-4F8F-B183-5156A1C576F7}.Release|Any CPU.Build.0 = Release|Any CPU
	EndGlobalSection
	GlobalSection(SolutionProperties) = preSolution
		HideSolutionNode = FALSE
	EndGlobalSection
	GlobalSection(NestedProjects) = preSolution
		{CE81E0F8-3024-4F8F-B183-5156A1C576F7} = {2E0CEA6E-2FC1-497E-AB9F-7C54669FD480}
	EndGlobalSection
	GlobalSection(ExtensibilityGlobals) = postSolution
		SolutionGuid = {82091667-5EC7-495D-BD92-ACF0BC6A6808}
	EndGlobalSection
EndGlobal
